
Microsoft Visual Studio Solution File, Format Version 12.00
# Visual Studio Version 17
VisualStudioVersion = 17.14.36203.30
MinimumVisualStudioVersion = 10.0.40219.1
Project("{FAE04EC0-301F-11D3-BF4B-00C04F79EFBC}") = "ImageAnalyzer", "ImageAnalyzer\ImageAnalyzer.csproj", "{A00D3A9D-DB86-4FB1-94F9-C00C79D6CECA}"
EndProject
Project("{FAE04EC0-301F-11D3-BF4B-00C04F79EFBC}") = "ImageAnalyzerProgram", "ImageAnalyzerProgram\ImageAnalyzerProgram.csproj", "{9F5054F0-DCDA-AAC4-7AD4-80F5D352E545}"
EndProject
Project("{FAE04EC0-301F-11D3-BF4B-00C04F79EFBC}") = "ImageAnalyzerProgram.Tests", "ImageAnalyzerProgram.Tests\ImageAnalyzerProgram.Tests.csproj", "{257D6A74-141B-CF26-60B3-1278366C40AE}"
EndProject
Global
	GlobalSection(SolutionConfigurationPlatforms) = preSolution
		Debug|Any CPU = Debug|Any CPU
		Release|Any CPU = Release|Any CPU
	EndGlobalSection
	GlobalSection(ProjectConfigurationPlatforms) = postSolution
		{A00D3A9D-DB86-4FB1-94F9-C00C79D6CECA}.Debug|Any CPU.ActiveCfg = Debug|Any CPU
		{A00D3A9D-DB86-4FB1-94F9-C00C79D6CECA}.Debug|Any CPU.Build.0 = Debug|Any CPU
		{A00D3A9D-DB86-4FB1-94F9-C00C79D6CECA}.Release|Any CPU.ActiveCfg = Release|Any CPU
		{A00D3A9D-DB86-4FB1-94F9-C00C79D6CECA}.Release|Any CPU.Build.0 = Release|Any CPU
		{9F5054F0-DCDA-AAC4-7AD4-80F5D352E545}.Debug|Any CPU.ActiveCfg = Debug|Any CPU
		{9F5054F0-DCDA-AAC4-7AD4-80F5D352E545}.Debug|Any CPU.Build.0 = Debug|Any CPU
		{9F5054F0-DCDA-AAC4-7AD4-80F5D352E545}.Release|Any CPU.ActiveCfg = Release|Any CPU
		{9F5054F0-DCDA-AAC4-7AD4-80F5D352E545}.Release|Any CPU.Build.0 = Release|Any CPU
		{257D6A74-141B-CF26-60B3-1278366C40AE}.Debug|Any CPU.ActiveCfg = Debug|Any CPU
		{257D6A74-141B-CF26-60B3-1278366C40AE}.Debug|Any CPU.Build.0 = Debug|Any CPU
		{257D6A74-141B-CF26-60B3-1278366C40AE}.Release|Any CPU.ActiveCfg = Release|Any CPU
		{257D6A74-141B-CF26-60B3-1278366C40AE}.Release|Any CPU.Build.0 = Release|Any CPU
	EndGlobalSection
	GlobalSection(SolutionProperties) = preSolution
		HideSolutionNode = FALSE
	EndGlobalSection
	GlobalSection(ExtensibilityGlobals) = postSolution
		SolutionGuid = {8DBAEF64-B5A4-410A-A656-011F0FF4025C}
	EndGlobalSection
EndGlobal
